
Microsoft Visual Studio Solution File, Format Version 12.00
# Visual Studio 2012
Project("{FAE04EC0-301F-11D3-BF4B-00C04F79EFBC}") = "SwissEphemerisWrapperTest", "SwissEphemeris\SwissEphemerisWrapperTest.csproj", "{B3918A72-69D9-4DD2-83A5-319892A34893}"
EndProject
Project("{FAE04EC0-301F-11D3-BF4B-00C04F79EFBC}") = "TestSwissEphemeris", "TestSwissEphemeris\TestSwissEphemeris.csproj", "{5A4E008E-1061-476C-BD5B-7CCF77B131AF}"
EndProject
Global
	GlobalSection(SolutionConfigurationPlatforms) = preSolution
		Debug|Any CPU = Debug|Any CPU
		Release|Any CPU = Release|Any CPU
	EndGlobalSection
	GlobalSection(ProjectConfigurationPlatforms) = postSolution
		{B3918A72-69D9-4DD2-83A5-319892A34893}.Debug|Any CPU.ActiveCfg = Debug|Any CPU
		{B3918A72-69D9-4DD2-83A5-319892A34893}.Debug|Any CPU.Build.0 = Debug|Any CPU
		{B3918A72-69D9-4DD2-83A5-319892A34893}.Release|Any CPU.ActiveCfg = Release|Any CPU
		{B3918A72-69D9-4DD2-83A5-319892A34893}.Release|Any CPU.Build.0 = Release|Any CPU
		{5A4E008E-1061-476C-BD5B-7CCF77B131AF}.Debug|Any CPU.ActiveCfg = Debug|Any CPU
		{5A4E008E-1061-476C-BD5B-7CCF77B131AF}.Debug|Any CPU.Build.0 = Debug|Any CPU
		{5A4E008E-1061-476C-BD5B-7CCF77B131AF}.Release|Any CPU.ActiveCfg = Release|Any CPU
		{5A4E008E-1061-476C-BD5B-7CCF77B131AF}.Release|Any CPU.Build.0 = Release|Any CPU
	EndGlobalSection
	GlobalSection(SolutionProperties) = preSolution
		HideSolutionNode = FALSE
	EndGlobalSection
EndGlobal
